
Microsoft Visual Studio Solution File, Format Version 12.00
# Visual Studio Version 17
VisualStudioVersion = 17.13.35825.156 d17.13
MinimumVisualStudioVersion = 10.0.40219.1
Project("{FAE04EC0-301F-11D3-BF4B-00C04F79EFBC}") = "MauiAppTempoAgora", "MauiAppTempoAgora\MauiAppTempoAgora.csproj", "{5982AFFD-4687-4C46-8503-0B9998F16C8C}"
EndProject
Global
	GlobalSection(SolutionConfigurationPlatforms) = preSolution
		Debug|Any CPU = Debug|Any CPU
		Release|Any CPU = Release|Any CPU
	EndGlobalSection
	GlobalSection(ProjectConfigurationPlatforms) = postSolution
		{5982AFFD-4687-4C46-8503-0B9998F16C8C}.Debug|Any CPU.ActiveCfg = Debug|Any CPU
		{5982AFFD-4687-4C46-8503-0B9998F16C8C}.Debug|Any CPU.Build.0 = Debug|Any CPU
		{5982AFFD-4687-4C46-8503-0B9998F16C8C}.Debug|Any CPU.Deploy.0 = Debug|Any CPU
		{5982AFFD-4687-4C46-8503-0B9998F16C8C}.Release|Any CPU.ActiveCfg = Release|Any CPU
		{5982AFFD-4687-4C46-8503-0B9998F16C8C}.Release|Any CPU.Build.0 = Release|Any CPU
		{5982AFFD-4687-4C46-8503-0B9998F16C8C}.Release|Any CPU.Deploy.0 = Release|Any CPU
	EndGlobalSection
	GlobalSection(SolutionProperties) = preSolution
		HideSolutionNode = FALSE
	EndGlobalSection
	GlobalSection(ExtensibilityGlobals) = postSolution
		SolutionGuid = {804F42B5-1E72-4C3D-B7BC-8AF05780401B}
	EndGlobalSection
EndGlobal
